{
  "originHash" : "ab62483d2d8b5dc0df1cdc6b8b2090aa38aa2aeed9ee8d0b12848c3f9cd43658",
  "pins" : [
    {
      "identity" : "commander",
      "kind" : "remoteSourceControl",
      "location" : "https://github.com/steipete/Commander.git",
      "state" : {
        "revision" : "9e349575c8e3c6745e81fe19e5bb5efa01b078ce",
        "version" : "0.2.1"
      }
    },
    {
      "identity" : "swift-syntax",
      "kind" : "remoteSourceControl",
      "location" : "https://github.com/swiftlang/swift-syntax.git",
      "state" : {
        "revision" : "9de99a78f099e59caf2b2beec65a4c45d54b2081",
        "version" : "603.0.1"
      }
    },
    {
      "identity" : "swift-testing",
      "kind" : "remoteSourceControl",
      "location" : "https://github.com/apple/swift-testing",
      "state" : {
        "revision" : "937120cbc281cf29727fdfb8734482158508b4fc",
        "version" : "6.3.1"
      }
    }
  ],
  "version" : 3
}
